// !$*UTF8*$!
{
	archiveVersion = 1;
	classes = {
	};
	objectVersion = 46;
	objects = {

/* Begin PBXBuildFile section */
		A6B5C5CA1AC42A7A00243BF3 /* PublisherTableViewController.swift in Sources */ = {isa = PBXBuildFile; fileRef = A6B5C5C91AC42A7A00243BF3 /* PublisherTableViewController.swift */; };
		D90D2DA61AC3AE9700D60E24 /* RegistViewController.swift in Sources */ = {isa = PBXBuildFile; fileRef = D90D2DA51AC3AE9700D60E24 /* RegistViewController.swift */; };
		D94963181AC2F7ED00F91F6B /* AppDelegate.swift in Sources */ = {isa = PBXBuildFile; fileRef = D94963171AC2F7ED00F91F6B /* AppDelegate.swift */; };
		D949631D1AC2F7ED00F91F6B /* Main.storyboard in Resources */ = {isa = PBXBuildFile; fileRef = D949631B1AC2F7ED00F91F6B /* Main.storyboard */; };
		D949631F1AC2F7ED00F91F6B /* Images.xcassets in Resources */ = {isa = PBXBuildFile; fileRef = D949631E1AC2F7ED00F91F6B /* Images.xcassets */; };
		D94963221AC2F7ED00F91F6B /* LaunchScreen.xib in Resources */ = {isa = PBXBuildFile; fileRef = D94963201AC2F7ED00F91F6B /* LaunchScreen.xib */; };
		D949632E1AC2F7ED00F91F6B /* xiuZhengPrjTests.swift in Sources */ = {isa = PBXBuildFile; fileRef = D949632D1AC2F7ED00F91F6B /* xiuZhengPrjTests.swift */; };
		D9A63DBC1AC2F99100B8B0AE /* IndexViewController.swift in Sources */ = {isa = PBXBuildFile; fileRef = D9A63DBB1AC2F99100B8B0AE /* IndexViewController.swift */; };
		D9A63DBE1AC3056800B8B0AE /* LoginViewController.swift in Sources */ = {isa = PBXBuildFile; fileRef = D9A63DBD1AC3056800B8B0AE /* LoginViewController.swift */; };
		D9BCE0C61ACBBF7300B0570B /* DistrictModel.swift in Sources */ = {isa = PBXBuildFile; fileRef = D9BCE0C51ACBBF7300B0570B /* DistrictModel.swift */; };
		DCE6EC331ACCD7CC00ADDCEF /* PublishViewController.swift in Sources */ = {isa = PBXBuildFile; fileRef = DCE6EC321ACCD7CC00ADDCEF /* PublishViewController.swift */; };
		DCE6EC521ACCEE6300ADDCEF /* SwiftHTTP.framework in Frameworks */ = {isa = PBXBuildFile; fileRef = DCE6EC4A1ACCED0600ADDCEF /* SwiftHTTP.framework */; };
/* End PBXBuildFile section */

/* Begin PBXContainerItemProxy section */
		D94963281AC2F7ED00F91F6B /* PBXContainerItemProxy */ = {
			isa = PBXContainerItemProxy;
			containerPortal = D949630A1AC2F7EC00F91F6B /* Project object */;
			proxyType = 1;
			remoteGlobalIDString = D94963111AC2F7EC00F91F6B;
			remoteInfo = xiuZhengPrj;
		};
		DCE6EC491ACCED0600ADDCEF /* PBXContainerItemProxy */ = {
			isa = PBXContainerItemProxy;
			containerPortal = DCE6EC341ACCED0100ADDCEF /* SwiftHTTP.xcodeproj */;
			proxyType = 2;
			remoteGlobalIDString = 6BFD901619C8D8B500DD99B6;
			remoteInfo = SwiftHTTP;
		};
		DCE6EC4B1ACCED0600ADDCEF /* PBXContainerItemProxy */ = {
			isa = PBXContainerItemProxy;
			containerPortal = DCE6EC341ACCED0100ADDCEF /* SwiftHTTP.xcodeproj */;
			proxyType = 2;
			remoteGlobalIDString = 6BFD902119C8D8B500DD99B6;
			remoteInfo = SwiftHTTPTests;
		};
		DCE6EC4D1ACCED0600ADDCEF /* PBXContainerItemProxy */ = {
			isa = PBXContainerItemProxy;
			containerPortal = DCE6EC341ACCED0100ADDCEF /* SwiftHTTP.xcodeproj */;
			proxyType = 2;
			remoteGlobalIDString = D958025919E6EEEB003C8218;
			remoteInfo = SwiftHTTPOSX;
		};
		DCE6EC4F1ACCED0600ADDCEF /* PBXContainerItemProxy */ = {
			isa = PBXContainerItemProxy;
			containerPortal = DCE6EC341ACCED0100ADDCEF /* SwiftHTTP.xcodeproj */;
			proxyType = 2;
			remoteGlobalIDString = D958026319E6EEEB003C8218;
			remoteInfo = SwiftHTTPOSXTests;
		};
/* End PBXContainerItemProxy section */

/* Begin PBXFileReference section */
		A6B5C5C91AC42A7A00243BF3 /* PublisherTableViewController.swift */ = {isa = PBXFileReference; fileEncoding = 4; lastKnownFileType = sourcecode.swift; path = PublisherTableViewController.swift; sourceTree = "<group>"; };
		D90D2DA51AC3AE9700D60E24 /* RegistViewController.swift */ = {isa = PBXFileReference; fileEncoding = 4; lastKnownFileType = sourcecode.swift; path = RegistViewController.swift; sourceTree = "<group>"; };
		D94963121AC2F7ED00F91F6B /* xiuZhengPrj.app */ = {isa = PBXFileReference; explicitFileType = wrapper.application; includeInIndex = 0; path = xiuZhengPrj.app; sourceTree = BUILT_PRODUCTS_DIR; };
		D94963161AC2F7ED00F91F6B /* Info.plist */ = {isa = PBXFileReference; lastKnownFileType = text.plist.xml; path = Info.plist; sourceTree = "<group>"; };
		D94963171AC2F7ED00F91F6B /* AppDelegate.swift */ = {isa = PBXFileReference; lastKnownFileType = sourcecode.swift; path = AppDelegate.swift; sourceTree = "<group>"; };
		D949631C1AC2F7ED00F91F6B /* Base */ = {isa = PBXFileReference; lastKnownFileType = file.storyboard; name = Base; path = Base.lproj/Main.storyboard; sourceTree = "<group>"; };
		D949631E1AC2F7ED00F91F6B /* Images.xcassets */ = {isa = PBXFileReference; lastKnownFileType = folder.assetcatalog; path = Images.xcassets; sourceTree = "<group>"; };
		D94963211AC2F7ED00F91F6B /* Base */ = {isa = PBXFileReference; lastKnownFileType = file.xib; name = Base; path = Base.lproj/LaunchScreen.xib; sourceTree = "<group>"; };
		D94963271AC2F7ED00F91F6B /* xiuZhengPrjTests.xctest */ = {isa = PBXFileReference; explicitFileType = wrapper.cfbundle; includeInIndex = 0; path = xiuZhengPrjTests.xctest; sourceTree = BUILT_PRODUCTS_DIR; };
		D949632C1AC2F7ED00F91F6B /* Info.plist */ = {isa = PBXFileReference; lastKnownFileType = text.plist.xml; path = Info.plist; sourceTree = "<group>"; };
		D949632D1AC2F7ED00F91F6B /* xiuZhengPrjTests.swift */ = {isa = PBXFileReference; lastKnownFileType = sourcecode.swift; path = xiuZhengPrjTests.swift; sourceTree = "<group>"; };
		D9A63DBB1AC2F99100B8B0AE /* IndexViewController.swift */ = {isa = PBXFileReference; fileEncoding = 4; lastKnownFileType = sourcecode.swift; path = IndexViewController.swift; sourceTree = "<group>"; };
		D9A63DBD1AC3056800B8B0AE /* LoginViewController.swift */ = {isa = PBXFileReference; fileEncoding = 4; lastKnownFileType = sourcecode.swift; path = LoginViewController.swift; sourceTree = "<group>"; };
		D9BCE0C51ACBBF7300B0570B /* DistrictModel.swift */ = {isa = PBXFileReference; fileEncoding = 4; lastKnownFileType = sourcecode.swift; path = DistrictModel.swift; sourceTree = "<group>"; };
		DCE6EC321ACCD7CC00ADDCEF /* PublishViewController.swift */ = {isa = PBXFileReference; fileEncoding = 4; lastKnownFileType = sourcecode.swift; path = PublishViewController.swift; sourceTree = "<group>"; };
		DCE6EC341ACCED0100ADDCEF /* SwiftHTTP.xcodeproj */ = {isa = PBXFileReference; lastKnownFileType = "wrapper.pb-project"; name = SwiftHTTP.xcodeproj; path = "/Users/zhaoxin/Downloads/SwiftHTTP-master/SwiftHTTP.xcodeproj"; sourceTree = "<absolute>"; };
/* End PBXFileReference section */

/* Begin PBXFrameworksBuildPhase section */
		D949630F1AC2F7EC00F91F6B /* Frameworks */ = {
			isa = PBXFrameworksBuildPhase;
			buildActionMask = 2147483647;
			files = (
				DCE6EC521ACCEE6300ADDCEF /* SwiftHTTP.framework in Frameworks */,
			);
			runOnlyForDeploymentPostprocessing = 0;
		};
		D94963241AC2F7ED00F91F6B /* Frameworks */ = {
			isa = PBXFrameworksBuildPhase;
			buildActionMask = 2147483647;
			files = (
			);
			runOnlyForDeploymentPostprocessing = 0;
		};
/* End PBXFrameworksBuildPhase section */

/* Begin PBXGroup section */
		D94963091AC2F7EC00F91F6B = {
			isa = PBXGroup;
			children = (
				D94963141AC2F7ED00F91F6B /* xiuZhengPrj */,
				D949632A1AC2F7ED00F91F6B /* xiuZhengPrjTests */,
				D94963131AC2F7ED00F91F6B /* Products */,
			);
			sourceTree = "<group>";
		};
		D94963131AC2F7ED00F91F6B /* Products */ = {
			isa = PBXGroup;
			children = (
				D94963121AC2F7ED00F91F6B /* xiuZhengPrj.app */,
				D94963271AC2F7ED00F91F6B /* xiuZhengPrjTests.xctest */,
			);
			name = Products;
			sourceTree = "<group>";
		};
		D94963141AC2F7ED00F91F6B /* xiuZhengPrj */ = {
			isa = PBXGroup;
			children = (
				DCE6EC341ACCED0100ADDCEF /* SwiftHTTP.xcodeproj */,
				D94963171AC2F7ED00F91F6B /* AppDelegate.swift */,
				D949631B1AC2F7ED00F91F6B /* Main.storyboard */,
				D949631E1AC2F7ED00F91F6B /* Images.xcassets */,
				A6B5C5C91AC42A7A00243BF3 /* PublisherTableViewController.swift */,
				D94963201AC2F7ED00F91F6B /* LaunchScreen.xib */,
				D94963151AC2F7ED00F91F6B /* Supporting Files */,
				D9A63DBB1AC2F99100B8B0AE /* IndexViewController.swift */,
				D9A63DBD1AC3056800B8B0AE /* LoginViewController.swift */,
				D90D2DA51AC3AE9700D60E24 /* RegistViewController.swift */,
				D9BCE0C51ACBBF7300B0570B /* DistrictModel.swift */,
				DCE6EC321ACCD7CC00ADDCEF /* PublishViewController.swift */,
			);
			path = xiuZhengPrj;
			sourceTree = "<group>";
		};
		D94963151AC2F7ED00F91F6B /* Supporting Files */ = {
			isa = PBXGroup;
			children = (
				D94963161AC2F7ED00F91F6B /* Info.plist */,
			);
			name = "Supporting Files";
			sourceTree = "<group>";
		};
		D949632A1AC2F7ED00F91F6B /* xiuZhengPrjTests */ = {
			isa = PBXGroup;
			children = (
				D949632D1AC2F7ED00F91F6B /* xiuZhengPrjTests.swift */,
				D949632B1AC2F7ED00F91F6B /* Supporting Files */,
			);
			path = xiuZhengPrjTests;
			sourceTree = "<group>";
		};
		D949632B1AC2F7ED00F91F6B /* Supporting Files */ = {
			isa = PBXGroup;
			children = (
				D949632C1AC2F7ED00F91F6B /* Info.plist */,
			);
			name = "Supporting Files";
			sourceTree = "<group>";
		};
		DCE6EC431ACCED0600ADDCEF /* Products */ = {
			isa = PBXGroup;
			children = (
				DCE6EC4A1ACCED0600ADDCEF /* SwiftHTTP.framework */,
				DCE6EC4C1ACCED0600ADDCEF /* SwiftHTTPTests.xctest */,
				DCE6EC4E1ACCED0600ADDCEF /* SwiftHTTP.framework */,
				DCE6EC501ACCED0600ADDCEF /* SwiftHTTPOSXTests.xctest */,
			);
			name = Products;
			sourceTree = "<group>";
		};
/* End PBXGroup section */

/* Begin PBXNativeTarget section */
		D94963111AC2F7EC00F91F6B /* xiuZhengPrj */ = {
			isa = PBXNativeTarget;
			buildConfigurationList = D94963311AC2F7ED00F91F6B /* Build configuration list for PBXNativeTarget "xiuZhengPrj" */;
			buildPhases = (
				D949630E1AC2F7EC00F91F6B /* Sources */,
				D949630F1AC2F7EC00F91F6B /* Frameworks */,
				D94963101AC2F7EC00F91F6B /* Resources */,
			);
			buildRules = (
			);
			dependencies = (
			);
			name = xiuZhengPrj;
			productName = xiuZhengPrj;
			productReference = D94963121AC2F7ED00F91F6B /* xiuZhengPrj.app */;
			productType = "com.apple.product-type.application";
		};
		D94963261AC2F7ED00F91F6B /* xiuZhengPrjTests */ = {
			isa = PBXNativeTarget;
			buildConfigurationList = D94963341AC2F7ED00F91F6B /* Build configuration list for PBXNativeTarget "xiuZhengPrjTests" */;
			buildPhases = (
				D94963231AC2F7ED00F91F6B /* Sources */,
				D94963241AC2F7ED00F91F6B /* Frameworks */,
				D94963251AC2F7ED00F91F6B /* Resources */,
			);
			buildRules = (
			);
			dependencies = (
				D94963291AC2F7ED00F91F6B /* PBXTargetDependency */,
			);
			name = xiuZhengPrjTests;
			productName = xiuZhengPrjTests;
			productReference = D94963271AC2F7ED00F91F6B /* xiuZhengPrjTests.xctest */;
			productType = "com.apple.product-type.bundle.unit-test";
		};
/* End PBXNativeTarget section */

/* Begin PBXProject section */
		D949630A1AC2F7EC00F91F6B /* Project object */ = {
			isa = PBXProject;
			attributes = {
				LastUpgradeCheck = 0610;
				ORGANIZATIONNAME = hux;
				TargetAttributes = {
					D94963111AC2F7EC00F91F6B = {
						CreatedOnToolsVersion = 6.1;
					};
					D94963261AC2F7ED00F91F6B = {
						CreatedOnToolsVersion = 6.1;
						TestTargetID = D94963111AC2F7EC00F91F6B;
					};
				};
			};
			buildConfigurationList = D949630D1AC2F7EC00F91F6B /* Build configuration list for PBXProject "xiuZhengPrj" */;
			compatibilityVersion = "Xcode 3.2";
			developmentRegion = English;
			hasScannedForEncodings = 0;
			knownRegions = (
				en,
				Base,
			);
			mainGroup = D94963091AC2F7EC00F91F6B;
			productRefGroup = D94963131AC2F7ED00F91F6B /* Products */;
			projectDirPath = "";
			projectReferences = (
				{
					ProductGroup = DCE6EC431ACCED0600ADDCEF /* Products */;
					ProjectRef = DCE6EC341ACCED0100ADDCEF /* SwiftHTTP.xcodeproj */;
				},
			);
			projectRoot = "";
			targets = (
				D94963111AC2F7EC00F91F6B /* xiuZhengPrj */,
				D94963261AC2F7ED00F91F6B /* xiuZhengPrjTests */,
			);
		};
/* End PBXProject section */

/* Begin PBXReferenceProxy section */
		DCE6EC4A1ACCED0600ADDCEF /* SwiftHTTP.framework */ = {
			isa = PBXReferenceProxy;
			fileType = wrapper.framework;
			path = SwiftHTTP.framework;
			remoteRef = DCE6EC491ACCED0600ADDCEF /* PBXContainerItemProxy */;
			sourceTree = BUILT_PRODUCTS_DIR;
		};
		DCE6EC4C1ACCED0600ADDCEF /* SwiftHTTPTests.xctest */ = {
			isa = PBXReferenceProxy;
			fileType = wrapper.cfbundle;
			path = SwiftHTTPTests.xctest;
			remoteRef = DCE6EC4B1ACCED0600ADDCEF /* PBXContainerItemProxy */;
			sourceTree = BUILT_PRODUCTS_DIR;
		};
		DCE6EC4E1ACCED0600ADDCEF /* SwiftHTTP.framework */ = {
			isa = PBXReferenceProxy;
			fileType = wrapper.framework;
			path = SwiftHTTP.framework;
			remoteRef = DCE6EC4D1ACCED0600ADDCEF /* PBXContainerItemProxy */;
			sourceTree = BUILT_PRODUCTS_DIR;
		};
		DCE6EC501ACCED0600ADDCEF /* SwiftHTTPOSXTests.xctest */ = {
			isa = PBXReferenceProxy;
			fileType = wrapper.cfbundle;
			path = SwiftHTTPOSXTests.xctest;
			remoteRef = DCE6EC4F1ACCED0600ADDCEF /* PBXContainerItemProxy */;
			sourceTree = BUILT_PRODUCTS_DIR;
		};
/* End PBXReferenceProxy section */

/* Begin PBXResourcesBuildPhase section */
		D94963101AC2F7EC00F91F6B /* Resources */ = {
			isa = PBXResourcesBuildPhase;
			buildActionMask = 2147483647;
			files = (
				D949631D1AC2F7ED00F91F6B /* Main.storyboard in Resources */,
				D94963221AC2F7ED00F91F6B /* LaunchScreen.xib in Resources */,
				D949631F1AC2F7ED00F91F6B /* Images.xcassets in Resources */,
			);
			runOnlyForDeploymentPostprocessing = 0;
		};
		D94963251AC2F7ED00F91F6B /* Resources */ = {
			isa = PBXResourcesBuildPhase;
			buildActionMask = 2147483647;
			files = (
			);
			runOnlyForDeploymentPostprocessing = 0;
		};
/* End PBXResourcesBuildPhase section */

/* Begin PBXSourcesBuildPhase section */
		D949630E1AC2F7EC00F91F6B /* Sources */ = {
			isa = PBXSourcesBuildPhase;
			buildActionMask = 2147483647;
			files = (
				D90D2DA61AC3AE9700D60E24 /* RegistViewController.swift in Sources */,
				D9A63DBE1AC3056800B8B0AE /* LoginViewController.swift in Sources */,
				A6B5C5CA1AC42A7A00243BF3 /* PublisherTableViewController.swift in Sources */,
				D9BCE0C61ACBBF7300B0570B /* DistrictModel.swift in Sources */,
				D94963181AC2F7ED00F91F6B /* AppDelegate.swift in Sources */,
				DCE6EC331ACCD7CC00ADDCEF /* PublishViewController.swift in Sources */,
				D9A63DBC1AC2F99100B8B0AE /* IndexViewController.swift in Sources */,
			);
			runOnlyForDeploymentPostprocessing = 0;
		};
		D94963231AC2F7ED00F91F6B /* Sources */ = {
			isa = PBXSourcesBuildPhase;
			buildActionMask = 2147483647;
			files = (
				D949632E1AC2F7ED00F91F6B /* xiuZhengPrjTests.swift in Sources */,
			);
			runOnlyForDeploymentPostprocessing = 0;
		};
/* End PBXSourcesBuildPhase section */

/* Begin PBXTargetDependency section */
		D94963291AC2F7ED00F91F6B /* PBXTargetDependency */ = {
			isa = PBXTargetDependency;
			target = D94963111AC2F7EC00F91F6B /* xiuZhengPrj */;
			targetProxy = D94963281AC2F7ED00F91F6B /* PBXContainerItemProxy */;
		};
/* End PBXTargetDependency section */

/* Begin PBXVariantGroup section */
		D949631B1AC2F7ED00F91F6B /* Main.storyboard */ = {
			isa = PBXVariantGroup;
			children = (
				D949631C1AC2F7ED00F91F6B /* Base */,
			);
			name = Main.storyboard;
			sourceTree = "<group>";
		};
		D94963201AC2F7ED00F91F6B /* LaunchScreen.xib */ = {
			isa = PBXVariantGroup;
			children = (
				D94963211AC2F7ED00F91F6B /* Base */,
			);
			name = LaunchScreen.xib;
			sourceTree = "<group>";
		};
/* End PBXVariantGroup section */

/* Begin XCBuildConfiguration section */
		D949632F1AC2F7ED00F91F6B /* Debug */ = {
			isa = XCBuildConfiguration;
			buildSettings = {
				ALWAYS_SEARCH_USER_PATHS = NO;
				CLANG_CXX_LANGUAGE_STANDARD = "gnu++0x";
				CLANG_CXX_LIBRARY = "libc++";
				CLANG_ENABLE_MODULES = YES;
				CLANG_ENABLE_OBJC_ARC = YES;
				CLANG_WARN_BOOL_CONVERSION = YES;
				CLANG_WARN_CONSTANT_CONVERSION = YES;
				CLANG_WARN_DIRECT_OBJC_ISA_USAGE = YES_ERROR;
				CLANG_WARN_EMPTY_BODY = YES;
				CLANG_WARN_ENUM_CONVERSION = YES;
				CLANG_WARN_INT_CONVERSION = YES;
				CLANG_WARN_OBJC_ROOT_CLASS = YES_ERROR;
				CLANG_WARN_UNREACHABLE_CODE = YES;
				CLANG_WARN__DUPLICATE_METHOD_MATCH = YES;
				"CODE_SIGN_IDENTITY[sdk=iphoneos*]" = "iPhone Developer";
				COPY_PHASE_STRIP = NO;
				ENABLE_STRICT_OBJC_MSGSEND = YES;
				GCC_C_LANGUAGE_STANDARD = gnu99;
				GCC_DYNAMIC_NO_PIC = NO;
				GCC_OPTIMIZATION_LEVEL = 0;
				GCC_PREPROCESSOR_DEFINITIONS = (
					"DEBUG=1",
					"$(inherited)",
				);
				GCC_SYMBOLS_PRIVATE_EXTERN = NO;
				GCC_WARN_64_TO_32_BIT_CONVERSION = YES;
				GCC_WARN_ABOUT_RETURN_TYPE = YES_ERROR;
				GCC_WARN_UNDECLARED_SELECTOR = YES;
				GCC_WARN_UNINITIALIZED_AUTOS = YES_AGGRESSIVE;
				GCC_WARN_UNUSED_FUNCTION = YES;
				GCC_WARN_UNUSED_VARIABLE = YES;
				IPHONEOS_DEPLOYMENT_TARGET = 8.1;
				MTL_ENABLE_DEBUG_INFO = YES;
				ONLY_ACTIVE_ARCH = YES;
				SDKROOT = iphoneos;
				SWIFT_OPTIMIZATION_LEVEL = "-Onone";
				TARGETED_DEVICE_FAMILY = "1,2";
			};
			name = Debug;
		};
		D94963301AC2F7ED00F91F6B /* Release */ = {
			isa = XCBuildConfiguration;
			buildSettings = {
				ALWAYS_SEARCH_USER_PATHS = NO;
				CLANG_CXX_LANGUAGE_STANDARD = "gnu++0x";
				CLANG_CXX_LIBRARY = "libc++";
				CLANG_ENABLE_MODULES = YES;
				CLANG_ENABLE_OBJC_ARC = YES;
				CLANG_WARN_BOOL_CONVERSION = YES;
				CLANG_WARN_CONSTANT_CONVERSION = YES;
				CLANG_WARN_DIRECT_OBJC_ISA_USAGE = YES_ERROR;
				CLANG_WARN_EMPTY_BODY = YES;
				CLANG_WARN_ENUM_CONVERSION = YES;
				CLANG_WARN_INT_CONVERSION = YES;
				CLANG_WARN_OBJC_ROOT_CLASS = YES_ERROR;
				CLANG_WARN_UNREACHABLE_CODE = YES;
				CLANG_WARN__DUPLICATE_METHOD_MATCH = YES;
				"CODE_SIGN_IDENTITY[sdk=iphoneos*]" = "iPhone Developer";
				COPY_PHASE_STRIP = YES;
				ENABLE_NS_ASSERTIONS = NO;
				ENABLE_STRICT_OBJC_MSGSEND = YES;
				GCC_C_LANGUAGE_STANDARD = gnu99;
				GCC_WARN_64_TO_32_BIT_CONVERSION = YES;
				GCC_WARN_ABOUT_RETURN_TYPE = YES_ERROR;
				GCC_WARN_UNDECLARED_SELECTOR = YES;
				GCC_WARN_UNINITIALIZED_AUTOS = YES_AGGRESSIVE;
				GCC_WARN_UNUSED_FUNCTION = YES;
				GCC_WARN_UNUSED_VARIABLE = YES;
				IPHONEOS_DEPLOYMENT_TARGET = 8.1;
				MTL_ENABLE_DEBUG_INFO = NO;
				SDKROOT = iphoneos;
				TARGETED_DEVICE_FAMILY = "1,2";
				VALIDATE_PRODUCT = YES;
			};
			name = Release;
		};
		D94963321AC2F7ED00F91F6B /* Debug */ = {
			isa = XCBuildConfiguration;
			buildSettings = {
				ASSETCATALOG_COMPILER_APPICON_NAME = AppIcon;
				INFOPLIST_FILE = xiuZhengPrj/Info.plist;
				LD_RUNPATH_SEARCH_PATHS = "$(inherited) @executable_path/Frameworks";
				PRODUCT_NAME = "$(TARGET_NAME)";
			};
			name = Debug;
		};
		D94963331AC2F7ED00F91F6B /* Release */ = {
			isa = XCBuildConfiguration;
			buildSettings = {
				ASSETCATALOG_COMPILER_APPICON_NAME = AppIcon;
				INFOPLIST_FILE = xiuZhengPrj/Info.plist;
				LD_RUNPATH_SEARCH_PATHS = "$(inherited) @executable_path/Frameworks";
				PRODUCT_NAME = "$(TARGET_NAME)";
			};
			name = Release;
		};
		D94963351AC2F7ED00F91F6B /* Debug */ = {
			isa = XCBuildConfiguration;
			buildSettings = {
				BUNDLE_LOADER = "$(TEST_HOST)";
				FRAMEWORK_SEARCH_PATHS = (
					"$(SDKROOT)/Developer/Library/Frameworks",
					"$(inherited)",
				);
				GCC_PREPROCESSOR_DEFINITIONS = (
					"DEBUG=1",
					"$(inherited)",
				);
				INFOPLIST_FILE = xiuZhengPrjTests/Info.plist;
				LD_RUNPATH_SEARCH_PATHS = "$(inherited) @executable_path/Frameworks @loader_path/Frameworks";
				PRODUCT_NAME = "$(TARGET_NAME)";
				TEST_HOST = "$(BUILT_PRODUCTS_DIR)/xiuZhengPrj.app/xiuZhengPrj";
			};
			name = Debug;
		};
		D94963361AC2F7ED00F91F6B /* Release */ = {
			isa = XCBuildConfiguration;
			buildSettings = {
				BUNDLE_LOADER = "$(TEST_HOST)";
				FRAMEWORK_SEARCH_PATHS = (
					"$(SDKROOT)/Developer/Library/Frameworks",
					"$(inherited)",
				);
				INFOPLIST_FILE = xiuZhengPrjTests/Info.plist;
				LD_RUNPATH_SEARCH_PATHS = "$(inherited) @executable_path/Frameworks @loader_path/Frameworks";
				PRODUCT_NAME = "$(TARGET_NAME)";
				TEST_HOST = "$(BUILT_PRODUCTS_DIR)/xiuZhengPrj.app/xiuZhengPrj";
			};
			name = Release;
		};
/* End XCBuildConfiguration section */

/* Begin XCConfigurationList section */
		D949630D1AC2F7EC00F91F6B /* Build configuration list for PBXProject "xiuZhengPrj" */ = {
			isa = XCConfigurationList;
			buildConfigurations = (
				D949632F1AC2F7ED00F91F6B /* Debug */,
				D94963301AC2F7ED00F91F6B /* Release */,
			);
			defaultConfigurationIsVisible = 0;
			defaultConfigurationName = Release;
		};
		D94963311AC2F7ED00F91F6B /* Build configuration list for PBXNativeTarget "xiuZhengPrj" */ = {
			isa = XCConfigurationList;
			buildConfigurations = (
				D94963321AC2F7ED00F91F6B /* Debug */,
				D94963331AC2F7ED00F91F6B /* Release */,
			);
			defaultConfigurationIsVisible = 0;
			defaultConfigurationName = Release;
		};
		D94963341AC2F7ED00F91F6B /* Build configuration list for PBXNativeTarget "xiuZhengPrjTests" */ = {
			isa = XCConfigurationList;
			buildConfigurations = (
				D94963351AC2F7ED00F91F6B /* Debug */,
				D94963361AC2F7ED00F91F6B /* Release */,
			);
			defaultConfigurationIsVisible = 0;
			defaultConfigurationName = Release;
		};
/* End XCConfigurationList section */
	};
	rootObject = D949630A1AC2F7EC00F91F6B /* Project object */;
}
